
Microsoft Visual Studio Solution File, Format Version 12.00
# Visual Studio Version 17
VisualStudioVersion = 17.8.34330.188
MinimumVisualStudioVersion = 10.0.40219.1
Project("{FAE04EC0-301F-11D3-BF4B-00C04F79EFBC}") = "PUBLIC", "PUBLIC\PUBLIC.csproj", "{AE11A62E-2C40-432E-B8F5-48BEB6870B8B}"
EndProject
Project("{FAE04EC0-301F-11D3-BF4B-00C04F79EFBC}") = "DAL", "DAL\DAL.csproj", "{44C88233-E132-4373-8170-E167BDF062A6}"
EndProject
Project("{FAE04EC0-301F-11D3-BF4B-00C04F79EFBC}") = "BUL", "BUL\BUL.csproj", "{E7D2EBCC-1A9A-4BE7-A692-1D72A14F96F2}"
EndProject
Project("{FAE04EC0-301F-11D3-BF4B-00C04F79EFBC}") = "Interface", "Interface\Interface.csproj", "{15C5C0CA-B71E-4475-AC39-34C07359D06F}"
EndProject
Global
	GlobalSection(SolutionConfigurationPlatforms) = preSolution
		Debug|Any CPU = Debug|Any CPU
		Debug|Mixed Platforms = Debug|Mixed Platforms
		Debug|x86 = Debug|x86
		Release|Any CPU = Release|Any CPU
		Release|Mixed Platforms = Release|Mixed Platforms
		Release|x86 = Release|x86
	EndGlobalSection
	GlobalSection(ProjectConfigurationPlatforms) = postSolution
		{AE11A62E-2C40-432E-B8F5-48BEB6870B8B}.Debug|Any CPU.ActiveCfg = Debug|Any CPU
		{AE11A62E-2C40-432E-B8F5-48BEB6870B8B}.Debug|Any CPU.Build.0 = Debug|Any CPU
		{AE11A62E-2C40-432E-B8F5-48BEB6870B8B}.Debug|Mixed Platforms.ActiveCfg = Debug|Any CPU
		{AE11A62E-2C40-432E-B8F5-48BEB6870B8B}.Debug|Mixed Platforms.Build.0 = Debug|Any CPU
		{AE11A62E-2C40-432E-B8F5-48BEB6870B8B}.Debug|x86.ActiveCfg = Debug|Any CPU
		{AE11A62E-2C40-432E-B8F5-48BEB6870B8B}.Debug|x86.Build.0 = Debug|Any CPU
		{AE11A62E-2C40-432E-B8F5-48BEB6870B8B}.Release|Any CPU.ActiveCfg = Release|Any CPU
		{AE11A62E-2C40-432E-B8F5-48BEB6870B8B}.Release|Any CPU.Build.0 = Release|Any CPU
		{AE11A62E-2C40-432E-B8F5-48BEB6870B8B}.Release|Mixed Platforms.ActiveCfg = Release|Any CPU
		{AE11A62E-2C40-432E-B8F5-48BEB6870B8B}.Release|Mixed Platforms.Build.0 = Release|Any CPU
		{AE11A62E-2C40-432E-B8F5-48BEB6870B8B}.Release|x86.ActiveCfg = Release|Any CPU
		{44C88233-E132-4373-8170-E167BDF062A6}.Debug|Any CPU.ActiveCfg = Debug|Any CPU
		{44C88233-E132-4373-8170-E167BDF062A6}.Debug|Any CPU.Build.0 = Debug|Any CPU
		{44C88233-E132-4373-8170-E167BDF062A6}.Debug|Mixed Platforms.ActiveCfg = Debug|Any CPU
		{44C88233-E132-4373-8170-E167BDF062A6}.Debug|Mixed Platforms.Build.0 = Debug|Any CPU
		{44C88233-E132-4373-8170-E167BDF062A6}.Debug|x86.ActiveCfg = Debug|Any CPU
		{44C88233-E132-4373-8170-E167BDF062A6}.Debug|x86.Build.0 = Debug|Any CPU
		{44C88233-E132-4373-8170-E167BDF062A6}.Release|Any CPU.ActiveCfg = Release|Any CPU
		{44C88233-E132-4373-8170-E167BDF062A6}.Release|Any CPU.Build.0 = Release|Any CPU
		{44C88233-E132-4373-8170-E167BDF062A6}.Release|Mixed Platforms.ActiveCfg = Release|Any CPU
		{44C88233-E132-4373-8170-E167BDF062A6}.Release|Mixed Platforms.Build.0 = Release|Any CPU
		{44C88233-E132-4373-8170-E167BDF062A6}.Release|x86.ActiveCfg = Release|Any CPU
		{E7D2EBCC-1A9A-4BE7-A692-1D72A14F96F2}.Debug|Any CPU.ActiveCfg = Debug|Any CPU
		{E7D2EBCC-1A9A-4BE7-A692-1D72A14F96F2}.Debug|Any CPU.Build.0 = Debug|Any CPU
		{E7D2EBCC-1A9A-4BE7-A692-1D72A14F96F2}.Debug|Mixed Platforms.ActiveCfg = Debug|Any CPU
		{E7D2EBCC-1A9A-4BE7-A692-1D72A14F96F2}.Debug|Mixed Platforms.Build.0 = Debug|Any CPU
		{E7D2EBCC-1A9A-4BE7-A692-1D72A14F96F2}.Debug|x86.ActiveCfg = Debug|Any CPU
		{E7D2EBCC-1A9A-4BE7-A692-1D72A14F96F2}.Debug|x86.Build.0 = Debug|Any CPU
		{E7D2EBCC-1A9A-4BE7-A692-1D72A14F96F2}.Release|Any CPU.ActiveCfg = Release|Any CPU
		{E7D2EBCC-1A9A-4BE7-A692-1D72A14F96F2}.Release|Any CPU.Build.0 = Release|Any CPU
		{E7D2EBCC-1A9A-4BE7-A692-1D72A14F96F2}.Release|Mixed Platforms.ActiveCfg = Release|Any CPU
		{E7D2EBCC-1A9A-4BE7-A692-1D72A14F96F2}.Release|Mixed Platforms.Build.0 = Release|Any CPU
		{E7D2EBCC-1A9A-4BE7-A692-1D72A14F96F2}.Release|x86.ActiveCfg = Release|Any CPU
		{15C5C0CA-B71E-4475-AC39-34C07359D06F}.Debug|Any CPU.ActiveCfg = Debug|x86
		{15C5C0CA-B71E-4475-AC39-34C07359D06F}.Debug|Mixed Platforms.ActiveCfg = Debug|x86
		{15C5C0CA-B71E-4475-AC39-34C07359D06F}.Debug|Mixed Platforms.Build.0 = Debug|x86
		{15C5C0CA-B71E-4475-AC39-34C07359D06F}.Debug|x86.ActiveCfg = Debug|x86
		{15C5C0CA-B71E-4475-AC39-34C07359D06F}.Debug|x86.Build.0 = Debug|x86
		{15C5C0CA-B71E-4475-AC39-34C07359D06F}.Release|Any CPU.ActiveCfg = Release|x86
		{15C5C0CA-B71E-4475-AC39-34C07359D06F}.Release|Mixed Platforms.ActiveCfg = Release|x86
		{15C5C0CA-B71E-4475-AC39-34C07359D06F}.Release|Mixed Platforms.Build.0 = Release|x86
		{15C5C0CA-B71E-4475-AC39-34C07359D06F}.Release|x86.ActiveCfg = Release|x86
		{15C5C0CA-B71E-4475-AC39-34C07359D06F}.Release|x86.Build.0 = Release|x86
	EndGlobalSection
	GlobalSection(SolutionProperties) = preSolution
		HideSolutionNode = FALSE
	EndGlobalSection
EndGlobal
